// !$*UTF8*$!
{
	archiveVersion = 1;
	classes = {
	};
	objectVersion = 50;
	objects = {

/* Begin PBXBuildFile section */
		AD143BA1267C7D350094D246 /* CSSystemInfoProvider.h in Headers */ = {isa = PBXBuildFile; fileRef = AD143B9F267C7D350094D246 /* CSSystemInfoProvider.h */; };
		AD143BA2267C7D350094D246 /* CSSystemInfoProvider.m in Sources */ = {isa = PBXBuildFile; fileRef = AD143BA0267C7D350094D246 /* CSSystemInfoProvider.m */; };
		AD143BA4267C80760094D246 /* CSSystemInfoHelper+Internal.h in Headers */ = {isa = PBXBuildFile; fileRef = AD143BA3267C80760094D246 /* CSSystemInfoHelper+Internal.h */; };
		AD143BA7267C87450094D246 /* CSSystemInfoProviderMock.m in Sources */ = {isa = PBXBuildFile; fileRef = AD143BA6267C87450094D246 /* CSSystemInfoProviderMock.m */; };
		AD352510267CB84700A3A929 /* CSSystemInfoHelperDeprecatedTests.m in Sources */ = {isa = PBXBuildFile; fileRef = AD35250F267CB84700A3A929 /* CSSystemInfoHelperDeprecatedTests.m */; };
		AD352512267CCE0900A3A929 /* Errors.m in Sources */ = {isa = PBXBuildFile; fileRef = AD352511267CCE0900A3A929 /* Errors.m */; };
		AD3BFDF0267AA56600FF8076 /* CSSystemInfoHelper.framework in Frameworks */ = {isa = PBXBuildFile; fileRef = AD3BFDE6267AA56600FF8076 /* CSSystemInfoHelper.framework */; };
		AD3BFDF5267AA56600FF8076 /* CSSystemInfoHelperTests.m in Sources */ = {isa = PBXBuildFile; fileRef = AD3BFDF4267AA56600FF8076 /* CSSystemInfoHelperTests.m */; };
		AD3BFE07267AA5BD00FF8076 /* CSSystemInfoHelper.h in Headers */ = {isa = PBXBuildFile; fileRef = AD3BFE03267AA5BD00FF8076 /* CSSystemInfoHelper.h */; settings = {ATTRIBUTES = (Public, ); }; };
		AD3BFE08267AA5BD00FF8076 /* CSSystemInfoHelper.m in Sources */ = {isa = PBXBuildFile; fileRef = AD3BFE05267AA5BD00FF8076 /* CSSystemInfoHelper.m */; };
		ADB06B24267B5A2400D4F0E3 /* CSNetworkInterface.h in Headers */ = {isa = PBXBuildFile; fileRef = ADB06B22267B5A2400D4F0E3 /* CSNetworkInterface.h */; settings = {ATTRIBUTES = (Public, ); }; };
		ADB06B25267B5A2400D4F0E3 /* CSNetworkInterface.m in Sources */ = {isa = PBXBuildFile; fileRef = ADB06B23267B5A2400D4F0E3 /* CSNetworkInterface.m */; };
		ADB06B27267B5B6E00D4F0E3 /* CSNetworkInterface+Internal.h in Headers */ = {isa = PBXBuildFile; fileRef = ADB06B26267B5B6E00D4F0E3 /* CSNetworkInterface+Internal.h */; };
/* End PBXBuildFile section */

/* Begin PBXContainerItemProxy section */
		AD3BFDF1267AA56600FF8076 /* PBXContainerItemProxy */ = {
			isa = PBXContainerItemProxy;
			containerPortal = AD3BFDDD267AA56600FF8076 /* Project object */;
			proxyType = 1;
			remoteGlobalIDString = AD3BFDE5267AA56600FF8076;
			remoteInfo = CSSystemInfoHelper;
		};
/* End PBXContainerItemProxy section */

/* Begin PBXFileReference section */
		AD143B9F267C7D350094D246 /* CSSystemInfoProvider.h */ = {isa = PBXFileReference; lastKnownFileType = sourcecode.c.h; path = CSSystemInfoProvider.h; sourceTree = "<group>"; };
		AD143BA0267C7D350094D246 /* CSSystemInfoProvider.m */ = {isa = PBXFileReference; lastKnownFileType = sourcecode.c.objc; path = CSSystemInfoProvider.m; sourceTree = "<group>"; };
		AD143BA3267C80760094D246 /* CSSystemInfoHelper+Internal.h */ = {isa = PBXFileReference; lastKnownFileType = sourcecode.c.h; path = "CSSystemInfoHelper+Internal.h"; sourceTree = "<group>"; };
		AD143BA5267C87450094D246 /* CSSystemInfoProviderMock.h */ = {isa = PBXFileReference; fileEncoding = 4; lastKnownFileType = sourcecode.c.h; path = CSSystemInfoProviderMock.h; sourceTree = "<group>"; };
		AD143BA6267C87450094D246 /* CSSystemInfoProviderMock.m */ = {isa = PBXFileReference; fileEncoding = 4; lastKnownFileType = sourcecode.c.objc; path = CSSystemInfoProviderMock.m; sourceTree = "<group>"; };
		AD35250F267CB84700A3A929 /* CSSystemInfoHelperDeprecatedTests.m */ = {isa = PBXFileReference; lastKnownFileType = sourcecode.c.objc; path = CSSystemInfoHelperDeprecatedTests.m; sourceTree = "<group>"; };
		AD352511267CCE0900A3A929 /* Errors.m */ = {isa = PBXFileReference; lastKnownFileType = sourcecode.c.objc; path = Errors.m; sourceTree = "<group>"; };
		AD3BFDE6267AA56600FF8076 /* CSSystemInfoHelper.framework */ = {isa = PBXFileReference; explicitFileType = wrapper.framework; includeInIndex = 0; path = CSSystemInfoHelper.framework; sourceTree = BUILT_PRODUCTS_DIR; };
		AD3BFDEF267AA56600FF8076 /* CSSystemInfoHelperTests.xctest */ = {isa = PBXFileReference; explicitFileType = wrapper.cfbundle; includeInIndex = 0; path = CSSystemInfoHelperTests.xctest; sourceTree = BUILT_PRODUCTS_DIR; };
		AD3BFDF4267AA56600FF8076 /* CSSystemInfoHelperTests.m */ = {isa = PBXFileReference; lastKnownFileType = sourcecode.c.objc; path = CSSystemInfoHelperTests.m; sourceTree = "<group>"; };
		AD3BFDF6267AA56600FF8076 /* Info.plist */ = {isa = PBXFileReference; lastKnownFileType = text.plist.xml; path = Info.plist; sourceTree = "<group>"; };
		AD3BFE03267AA5BD00FF8076 /* CSSystemInfoHelper.h */ = {isa = PBXFileReference; fileEncoding = 4; lastKnownFileType = sourcecode.c.h; path = CSSystemInfoHelper.h; sourceTree = "<group>"; };
		AD3BFE05267AA5BD00FF8076 /* CSSystemInfoHelper.m */ = {isa = PBXFileReference; fileEncoding = 4; lastKnownFileType = sourcecode.c.objc; path = CSSystemInfoHelper.m; sourceTree = "<group>"; };
		AD3BFE06267AA5BD00FF8076 /* Info.plist */ = {isa = PBXFileReference; fileEncoding = 4; lastKnownFileType = text.plist.xml; path = Info.plist; sourceTree = "<group>"; };
		ADB06B22267B5A2400D4F0E3 /* CSNetworkInterface.h */ = {isa = PBXFileReference; lastKnownFileType = sourcecode.c.h; path = CSNetworkInterface.h; sourceTree = "<group>"; };
		ADB06B23267B5A2400D4F0E3 /* CSNetworkInterface.m */ = {isa = PBXFileReference; lastKnownFileType = sourcecode.c.objc; path = CSNetworkInterface.m; sourceTree = "<group>"; };
		ADB06B26267B5B6E00D4F0E3 /* CSNetworkInterface+Internal.h */ = {isa = PBXFileReference; lastKnownFileType = sourcecode.c.h; path = "CSNetworkInterface+Internal.h"; sourceTree = "<group>"; };
		ADB06B28267B608800D4F0E3 /* Errors.h */ = {isa = PBXFileReference; lastKnownFileType = sourcecode.c.h; path = Errors.h; sourceTree = "<group>"; };
/* End PBXFileReference section */

/* Begin PBXFrameworksBuildPhase section */
		AD3BFDE3267AA56600FF8076 /* Frameworks */ = {
			isa = PBXFrameworksBuildPhase;
			buildActionMask = 2147483647;
			files = (
			);
			runOnlyForDeploymentPostprocessing = 0;
		};
		AD3BFDEC267AA56600FF8076 /* Frameworks */ = {
			isa = PBXFrameworksBuildPhase;
			buildActionMask = 2147483647;
			files = (
				AD3BFDF0267AA56600FF8076 /* CSSystemInfoHelper.framework in Frameworks */,
			);
			runOnlyForDeploymentPostprocessing = 0;
		};
/* End PBXFrameworksBuildPhase section */

/* Begin PBXGroup section */
		AD2D059D267ABDAC006B76EB /* Frameworks */ = {
			isa = PBXGroup;
			children = (
			);
			name = Frameworks;
			sourceTree = "<group>";
		};
		AD3BFDDC267AA56600FF8076 = {
			isa = PBXGroup;
			children = (
				AD3BFE00267AA5BD00FF8076 /* CSSystemInfoHelper */,
				AD3BFDF3267AA56600FF8076 /* CSSystemInfoHelperTests */,
				AD3BFDE7267AA56600FF8076 /* Products */,
				AD2D059D267ABDAC006B76EB /* Frameworks */,
			);
			sourceTree = "<group>";
		};
		AD3BFDE7267AA56600FF8076 /* Products */ = {
			isa = PBXGroup;
			children = (
				AD3BFDE6267AA56600FF8076 /* CSSystemInfoHelper.framework */,
				AD3BFDEF267AA56600FF8076 /* CSSystemInfoHelperTests.xctest */,
			);
			name = Products;
			sourceTree = "<group>";
		};
		AD3BFDF3267AA56600FF8076 /* CSSystemInfoHelperTests */ = {
			isa = PBXGroup;
			children = (
				AD143BA5267C87450094D246 /* CSSystemInfoProviderMock.h */,
				AD143BA6267C87450094D246 /* CSSystemInfoProviderMock.m */,
				AD3BFDF4267AA56600FF8076 /* CSSystemInfoHelperTests.m */,
				AD35250F267CB84700A3A929 /* CSSystemInfoHelperDeprecatedTests.m */,
				AD3BFDF6267AA56600FF8076 /* Info.plist */,
			);
			path = CSSystemInfoHelperTests;
			sourceTree = "<group>";
		};
		AD3BFE00267AA5BD00FF8076 /* CSSystemInfoHelper */ = {
			isa = PBXGroup;
			children = (
				AD3BFE01267AA5BD00FF8076 /* Headers */,
				AD3BFE04267AA5BD00FF8076 /* Sources */,
				AD3BFE06267AA5BD00FF8076 /* Info.plist */,
			);
			path = CSSystemInfoHelper;
			sourceTree = "<group>";
		};
		AD3BFE01267AA5BD00FF8076 /* Headers */ = {
			isa = PBXGroup;
			children = (
				AD3BFE02267AA5BD00FF8076 /* CSSystemInfoHelper */,
			);
			path = Headers;
			sourceTree = "<group>";
		};
		AD3BFE02267AA5BD00FF8076 /* CSSystemInfoHelper */ = {
			isa = PBXGroup;
			children = (
				AD3BFE03267AA5BD00FF8076 /* CSSystemInfoHelper.h */,
				ADB06B22267B5A2400D4F0E3 /* CSNetworkInterface.h */,
			);
			path = CSSystemInfoHelper;
			sourceTree = "<group>";
		};
		AD3BFE04267AA5BD00FF8076 /* Sources */ = {
			isa = PBXGroup;
			children = (
				AD143BA3267C80760094D246 /* CSSystemInfoHelper+Internal.h */,
				AD3BFE05267AA5BD00FF8076 /* CSSystemInfoHelper.m */,
				ADB06B26267B5B6E00D4F0E3 /* CSNetworkInterface+Internal.h */,
				ADB06B23267B5A2400D4F0E3 /* CSNetworkInterface.m */,
				AD143B9F267C7D350094D246 /* CSSystemInfoProvider.h */,
				AD143BA0267C7D350094D246 /* CSSystemInfoProvider.m */,
				ADB06B28267B608800D4F0E3 /* Errors.h */,
				AD352511267CCE0900A3A929 /* Errors.m */,
			);
			path = Sources;
			sourceTree = "<group>";
		};
/* End PBXGroup section */

/* Begin PBXHeadersBuildPhase section */
		AD3BFDE1267AA56600FF8076 /* Headers */ = {
			isa = PBXHeadersBuildPhase;
			buildActionMask = 2147483647;
			files = (
				ADB06B27267B5B6E00D4F0E3 /* CSNetworkInterface+Internal.h in Headers */,
				AD143BA4267C80760094D246 /* CSSystemInfoHelper+Internal.h in Headers */,
				AD3BFE07267AA5BD00FF8076 /* CSSystemInfoHelper.h in Headers */,
				AD143BA1267C7D350094D246 /* CSSystemInfoProvider.h in Headers */,
				ADB06B24267B5A2400D4F0E3 /* CSNetworkInterface.h in Headers */,
			);
			runOnlyForDeploymentPostprocessing = 0;
		};
/* End PBXHeadersBuildPhase section */

/* Begin PBXNativeTarget section */
		AD3BFDE5267AA56600FF8076 /* CSSystemInfoHelper */ = {
			isa = PBXNativeTarget;
			buildConfigurationList = AD3BFDFA267AA56600FF8076 /* Build configuration list for PBXNativeTarget "CSSystemInfoHelper" */;
			buildPhases = (
				AD3BFDE1267AA56600FF8076 /* Headers */,
				AD3BFDE2267AA56600FF8076 /* Sources */,
				AD3BFDE3267AA56600FF8076 /* Frameworks */,
				AD3BFDE4267AA56600FF8076 /* Resources */,
			);
			buildRules = (
			);
			dependencies = (
			);
			name = CSSystemInfoHelper;
			productName = CSSystemInfoHelper;
			productReference = AD3BFDE6267AA56600FF8076 /* CSSystemInfoHelper.framework */;
			productType = "com.apple.product-type.framework";
		};
		AD3BFDEE267AA56600FF8076 /* CSSystemInfoHelperTests */ = {
			isa = PBXNativeTarget;
			buildConfigurationList = AD3BFDFD267AA56600FF8076 /* Build configuration list for PBXNativeTarget "CSSystemInfoHelperTests" */;
			buildPhases = (
				AD3BFDEB267AA56600FF8076 /* Sources */,
				AD3BFDEC267AA56600FF8076 /* Frameworks */,
				AD3BFDED267AA56600FF8076 /* Resources */,
			);
			buildRules = (
			);
			dependencies = (
				AD3BFDF2267AA56600FF8076 /* PBXTargetDependency */,
			);
			name = CSSystemInfoHelperTests;
			productName = CSSystemInfoHelperTests;
			productReference = AD3BFDEF267AA56600FF8076 /* CSSystemInfoHelperTests.xctest */;
			productType = "com.apple.product-type.bundle.unit-test";
		};
/* End PBXNativeTarget section */

/* Begin PBXProject section */
		AD3BFDDD267AA56600FF8076 /* Project object */ = {
			isa = PBXProject;
			attributes = {
				LastSwiftUpdateCheck = 1250;
				LastUpgradeCheck = 1250;
				TargetAttributes = {
					AD3BFDE5267AA56600FF8076 = {
						CreatedOnToolsVersion = 12.5;
					};
					AD3BFDEE267AA56600FF8076 = {
						CreatedOnToolsVersion = 12.5;
					};
				};
			};
			buildConfigurationList = AD3BFDE0267AA56600FF8076 /* Build configuration list for PBXProject "CSSystemInfoHelper" */;
			compatibilityVersion = "Xcode 9.3";
			developmentRegion = en;
			hasScannedForEncodings = 0;
			knownRegions = (
				en,
				Base,
			);
			mainGroup = AD3BFDDC267AA56600FF8076;
			productRefGroup = AD3BFDE7267AA56600FF8076 /* Products */;
			projectDirPath = "";
			projectRoot = "";
			targets = (
				AD3BFDE5267AA56600FF8076 /* CSSystemInfoHelper */,
				AD3BFDEE267AA56600FF8076 /* CSSystemInfoHelperTests */,
			);
		};
/* End PBXProject section */

/* Begin PBXResourcesBuildPhase section */
		AD3BFDE4267AA56600FF8076 /* Resources */ = {
			isa = PBXResourcesBuildPhase;
			buildActionMask = 2147483647;
			files = (
			);
			runOnlyForDeploymentPostprocessing = 0;
		};
		AD3BFDED267AA56600FF8076 /* Resources */ = {
			isa = PBXResourcesBuildPhase;
			buildActionMask = 2147483647;
			files = (
			);
			runOnlyForDeploymentPostprocessing = 0;
		};
/* End PBXResourcesBuildPhase section */

/* Begin PBXSourcesBuildPhase section */
		AD3BFDE2267AA56600FF8076 /* Sources */ = {
			isa = PBXSourcesBuildPhase;
			buildActionMask = 2147483647;
			files = (
				AD352512267CCE0900A3A929 /* Errors.m in Sources */,
				ADB06B25267B5A2400D4F0E3 /* CSNetworkInterface.m in Sources */,
				AD143BA2267C7D350094D246 /* CSSystemInfoProvider.m in Sources */,
				AD3BFE08267AA5BD00FF8076 /* CSSystemInfoHelper.m in Sources */,
			);
			runOnlyForDeploymentPostprocessing = 0;
		};
		AD3BFDEB267AA56600FF8076 /* Sources */ = {
			isa = PBXSourcesBuildPhase;
			buildActionMask = 2147483647;
			files = (
				AD143BA7267C87450094D246 /* CSSystemInfoProviderMock.m in Sources */,
				AD3BFDF5267AA56600FF8076 /* CSSystemInfoHelperTests.m in Sources */,
				AD352510267CB84700A3A929 /* CSSystemInfoHelperDeprecatedTests.m in Sources */,
			);
			runOnlyForDeploymentPostprocessing = 0;
		};
/* End PBXSourcesBuildPhase section */

/* Begin PBXTargetDependency section */
		AD3BFDF2267AA56600FF8076 /* PBXTargetDependency */ = {
			isa = PBXTargetDependency;
			target = AD3BFDE5267AA56600FF8076 /* CSSystemInfoHelper */;
			targetProxy = AD3BFDF1267AA56600FF8076 /* PBXContainerItemProxy */;
		};
/* End PBXTargetDependency section */

/* Begin XCBuildConfiguration section */
		AD3BFDF8267AA56600FF8076 /* Debug */ = {
			isa = XCBuildConfiguration;
			buildSettings = {
				ALWAYS_SEARCH_USER_PATHS = NO;
				CLANG_ANALYZER_NONNULL = YES;
				CLANG_ANALYZER_NUMBER_OBJECT_CONVERSION = YES_AGGRESSIVE;
				CLANG_CXX_LANGUAGE_STANDARD = "gnu++14";
				CLANG_CXX_LIBRARY = "libc++";
				CLANG_ENABLE_MODULES = YES;
				CLANG_ENABLE_OBJC_ARC = YES;
				CLANG_ENABLE_OBJC_WEAK = YES;
				CLANG_WARN_BLOCK_CAPTURE_AUTORELEASING = YES;
				CLANG_WARN_BOOL_CONVERSION = YES;
				CLANG_WARN_COMMA = YES;
				CLANG_WARN_CONSTANT_CONVERSION = YES;
				CLANG_WARN_DEPRECATED_OBJC_IMPLEMENTATIONS = YES;
				CLANG_WARN_DIRECT_OBJC_ISA_USAGE = YES_ERROR;
				CLANG_WARN_DOCUMENTATION_COMMENTS = YES;
				CLANG_WARN_EMPTY_BODY = YES;
				CLANG_WARN_ENUM_CONVERSION = YES;
				CLANG_WARN_INFINITE_RECURSION = YES;
				CLANG_WARN_INT_CONVERSION = YES;
				CLANG_WARN_NON_LITERAL_NULL_CONVERSION = YES;
				CLANG_WARN_OBJC_IMPLICIT_RETAIN_SELF = YES;
				CLANG_WARN_OBJC_LITERAL_CONVERSION = YES;
				CLANG_WARN_OBJC_ROOT_CLASS = YES_ERROR;
				CLANG_WARN_QUOTED_INCLUDE_IN_FRAMEWORK_HEADER = YES;
				CLANG_WARN_RANGE_LOOP_ANALYSIS = YES;
				CLANG_WARN_STRICT_PROTOTYPES = YES;
				CLANG_WARN_SUSPICIOUS_MOVE = YES;
				CLANG_WARN_UNGUARDED_AVAILABILITY = YES_AGGRESSIVE;
				CLANG_WARN_UNREACHABLE_CODE = YES;
				CLANG_WARN__DUPLICATE_METHOD_MATCH = YES;
				COPY_PHASE_STRIP = NO;
				CURRENT_PROJECT_VERSION = 1;
				DEBUG_INFORMATION_FORMAT = dwarf;
				ENABLE_STRICT_OBJC_MSGSEND = YES;
				ENABLE_TESTABILITY = YES;
				GCC_C_LANGUAGE_STANDARD = gnu11;
				GCC_DYNAMIC_NO_PIC = NO;
				GCC_NO_COMMON_BLOCKS = YES;
				GCC_OPTIMIZATION_LEVEL = 0;
				GCC_PREPROCESSOR_DEFINITIONS = (
					"DEBUG=1",
					"$(inherited)",
				);
				GCC_WARN_64_TO_32_BIT_CONVERSION = YES;
				GCC_WARN_ABOUT_RETURN_TYPE = YES_ERROR;
				GCC_WARN_UNDECLARED_SELECTOR = YES;
				GCC_WARN_UNINITIALIZED_AUTOS = YES_AGGRESSIVE;
				GCC_WARN_UNUSED_FUNCTION = YES;
				GCC_WARN_UNUSED_VARIABLE = YES;
				MARKETING_VERSION = 1.4.2;
				MTL_ENABLE_DEBUG_INFO = INCLUDE_SOURCE;
				MTL_FAST_MATH = YES;
				ONLY_ACTIVE_ARCH = YES;
				SDKROOT = macosx;
				SUPPORTED_PLATFORMS = "macosx iphonesimulator iphoneos appletvsimulator appletvos watchsimulator watchos";
				VERSIONING_SYSTEM = "apple-generic";
				VERSION_INFO_PREFIX = "";
			};
			name = Debug;
		};
		AD3BFDF9267AA56600FF8076 /* Release */ = {
			isa = XCBuildConfiguration;
			buildSettings = {
				ALWAYS_SEARCH_USER_PATHS = NO;
				CLANG_ANALYZER_NONNULL = YES;
				CLANG_ANALYZER_NUMBER_OBJECT_CONVERSION = YES_AGGRESSIVE;
				CLANG_CXX_LANGUAGE_STANDARD = "gnu++14";
				CLANG_CXX_LIBRARY = "libc++";
				CLANG_ENABLE_MODULES = YES;
				CLANG_ENABLE_OBJC_ARC = YES;
				CLANG_ENABLE_OBJC_WEAK = YES;
				CLANG_WARN_BLOCK_CAPTURE_AUTORELEASING = YES;
				CLANG_WARN_BOOL_CONVERSION = YES;
				CLANG_WARN_COMMA = YES;
				CLANG_WARN_CONSTANT_CONVERSION = YES;
				CLANG_WARN_DEPRECATED_OBJC_IMPLEMENTATIONS = YES;
				CLANG_WARN_DIRECT_OBJC_ISA_USAGE = YES_ERROR;
				CLANG_WARN_DOCUMENTATION_COMMENTS = YES;
				CLANG_WARN_EMPTY_BODY = YES;
				CLANG_WARN_ENUM_CONVERSION = YES;
				CLANG_WARN_INFINITE_RECURSION = YES;
				CLANG_WARN_INT_CONVERSION = YES;
				CLANG_WARN_NON_LITERAL_NULL_CONVERSION = YES;
				CLANG_WARN_OBJC_IMPLICIT_RETAIN_SELF = YES;
				CLANG_WARN_OBJC_LITERAL_CONVERSION = YES;
				CLANG_WARN_OBJC_ROOT_CLASS = YES_ERROR;
				CLANG_WARN_QUOTED_INCLUDE_IN_FRAMEWORK_HEADER = YES;
				CLANG_WARN_RANGE_LOOP_ANALYSIS = YES;
				CLANG_WARN_STRICT_PROTOTYPES = YES;
				CLANG_WARN_SUSPICIOUS_MOVE = YES;
				CLANG_WARN_UNGUARDED_AVAILABILITY = YES_AGGRESSIVE;
				CLANG_WARN_UNREACHABLE_CODE = YES;
				CLANG_WARN__DUPLICATE_METHOD_MATCH = YES;
				COPY_PHASE_STRIP = NO;
				CURRENT_PROJECT_VERSION = 1;
				DEBUG_INFORMATION_FORMAT = "dwarf-with-dsym";
				ENABLE_NS_ASSERTIONS = NO;
				ENABLE_STRICT_OBJC_MSGSEND = YES;
				GCC_C_LANGUAGE_STANDARD = gnu11;
				GCC_NO_COMMON_BLOCKS = YES;
				GCC_WARN_64_TO_32_BIT_CONVERSION = YES;
				GCC_WARN_ABOUT_RETURN_TYPE = YES_ERROR;
				GCC_WARN_UNDECLARED_SELECTOR = YES;
				GCC_WARN_UNINITIALIZED_AUTOS = YES_AGGRESSIVE;
				GCC_WARN_UNUSED_FUNCTION = YES;
				GCC_WARN_UNUSED_VARIABLE = YES;
				MARKETING_VERSION = 1.4.2;
				MTL_ENABLE_DEBUG_INFO = NO;
				MTL_FAST_MATH = YES;
				SDKROOT = macosx;
				SUPPORTED_PLATFORMS = "macosx iphonesimulator iphoneos appletvsimulator appletvos watchsimulator watchos";
				VERSIONING_SYSTEM = "apple-generic";
				VERSION_INFO_PREFIX = "";
			};
			name = Release;
		};
		AD3BFDFB267AA56600FF8076 /* Debug */ = {
			isa = XCBuildConfiguration;
			buildSettings = {
				CODE_SIGN_STYLE = Automatic;
				COMBINE_HIDPI_IMAGES = YES;
				DEFINES_MODULE = YES;
				DYLIB_COMPATIBILITY_VERSION = 1;
				DYLIB_CURRENT_VERSION = 1;
				DYLIB_INSTALL_NAME_BASE = "@rpath";
				INFOPLIST_FILE = CSSystemInfoHelper/Info.plist;
				INSTALL_PATH = "$(LOCAL_LIBRARY_DIR)/Frameworks";
				IPHONEOS_DEPLOYMENT_TARGET = 9.0;
				LD_RUNPATH_SEARCH_PATHS = (
					"$(inherited)",
					"@executable_path/../Frameworks",
					"@loader_path/Frameworks",
				);
				MACOSX_DEPLOYMENT_TARGET = 10.9;
				PRODUCT_BUNDLE_IDENTIFIER = com.catalinstan.CSSystemInfoHelper;
				PRODUCT_NAME = "$(TARGET_NAME:c99extidentifier)";
				SKIP_INSTALL = YES;
				TVOS_DEPLOYMENT_TARGET = 9.0;
				WATCHOS_DEPLOYMENT_TARGET = 2.0;
			};
			name = Debug;
		};
		AD3BFDFC267AA56600FF8076 /* Release */ = {
			isa = XCBuildConfiguration;
			buildSettings = {
				CODE_SIGN_STYLE = Automatic;
				COMBINE_HIDPI_IMAGES = YES;
				DEFINES_MODULE = YES;
				DYLIB_COMPATIBILITY_VERSION = 1;
				DYLIB_CURRENT_VERSION = 1;
				DYLIB_INSTALL_NAME_BASE = "@rpath";
				INFOPLIST_FILE = CSSystemInfoHelper/Info.plist;
				INSTALL_PATH = "$(LOCAL_LIBRARY_DIR)/Frameworks";
				IPHONEOS_DEPLOYMENT_TARGET = 9.0;
				LD_RUNPATH_SEARCH_PATHS = (
					"$(inherited)",
					"@executable_path/../Frameworks",
					"@loader_path/Frameworks",
				);
				MACOSX_DEPLOYMENT_TARGET = 10.9;
				PRODUCT_BUNDLE_IDENTIFIER = com.catalinstan.CSSystemInfoHelper;
				PRODUCT_NAME = "$(TARGET_NAME:c99extidentifier)";
				SKIP_INSTALL = YES;
				TVOS_DEPLOYMENT_TARGET = 9.0;
				WATCHOS_DEPLOYMENT_TARGET = 2.0;
			};
			name = Release;
		};
		AD3BFDFE267AA56600FF8076 /* Debug */ = {
			isa = XCBuildConfiguration;
			buildSettings = {
				CODE_SIGN_STYLE = Automatic;
				COMBINE_HIDPI_IMAGES = YES;
				INFOPLIST_FILE = CSSystemInfoHelperTests/Info.plist;
				LD_RUNPATH_SEARCH_PATHS = (
					"$(inherited)",
					"@executable_path/../Frameworks",
					"@loader_path/../Frameworks",
				);
				PRODUCT_BUNDLE_IDENTIFIER = com.catalinstan.CSSystemInfoHelperTests;
				PRODUCT_NAME = "$(TARGET_NAME)";
			};
			name = Debug;
		};
		AD3BFDFF267AA56600FF8076 /* Release */ = {
			isa = XCBuildConfiguration;
			buildSettings = {
				CODE_SIGN_STYLE = Automatic;
				COMBINE_HIDPI_IMAGES = YES;
				INFOPLIST_FILE = CSSystemInfoHelperTests/Info.plist;
				LD_RUNPATH_SEARCH_PATHS = (
					"$(inherited)",
					"@executable_path/../Frameworks",
					"@loader_path/../Frameworks",
				);
				PRODUCT_BUNDLE_IDENTIFIER = com.catalinstan.CSSystemInfoHelperTests;
				PRODUCT_NAME = "$(TARGET_NAME)";
			};
			name = Release;
		};
/* End XCBuildConfiguration section */

/* Begin XCConfigurationList section */
		AD3BFDE0267AA56600FF8076 /* Build configuration list for PBXProject "CSSystemInfoHelper" */ = {
			isa = XCConfigurationList;
			buildConfigurations = (
				AD3BFDF8267AA56600FF8076 /* Debug */,
				AD3BFDF9267AA56600FF8076 /* Release */,
			);
			defaultConfigurationIsVisible = 0;
			defaultConfigurationName = Release;
		};
		AD3BFDFA267AA56600FF8076 /* Build configuration list for PBXNativeTarget "CSSystemInfoHelper" */ = {
			isa = XCConfigurationList;
			buildConfigurations = (
				AD3BFDFB267AA56600FF8076 /* Debug */,
				AD3BFDFC267AA56600FF8076 /* Release */,
			);
			defaultConfigurationIsVisible = 0;
			defaultConfigurationName = Release;
		};
		AD3BFDFD267AA56600FF8076 /* Build configuration list for PBXNativeTarget "CSSystemInfoHelperTests" */ = {
			isa = XCConfigurationList;
			buildConfigurations = (
				AD3BFDFE267AA56600FF8076 /* Debug */,
				AD3BFDFF267AA56600FF8076 /* Release */,
			);
			defaultConfigurationIsVisible = 0;
			defaultConfigurationName = Release;
		};
/* End XCConfigurationList section */
	};
	rootObject = AD3BFDDD267AA56600FF8076 /* Project object */;
}
