// !$*UTF8*$!
{
	archiveVersion = 1;
	classes = {
	};
	objectVersion = 46;
	objects = {

/* Begin PBXBuildFile section */
		AD990E511CB99F77005746CE /* main.swift in Sources */ = {isa = PBXBuildFile; fileRef = AD990E501CB99F77005746CE /* main.swift */; };
		ADFD12C71CBB92CA009A2E16 /* CSSystemInfoHelper.framework in Frameworks */ = {isa = PBXBuildFile; fileRef = ADFD12C61CBB92CA009A2E16 /* CSSystemInfoHelper.framework */; };
/* End PBXBuildFile section */

/* Begin PBXCopyFilesBuildPhase section */
		AD990E4B1CB99F77005746CE /* CopyFiles */ = {
			isa = PBXCopyFilesBuildPhase;
			buildActionMask = 2147483647;
			dstPath = /usr/share/man/man1/;
			dstSubfolderSpec = 0;
			files = (
			);
			runOnlyForDeploymentPostprocessing = 1;
		};
/* End PBXCopyFilesBuildPhase section */

/* Begin PBXFileReference section */
		AD990E4D1CB99F77005746CE /* CSSystemInfoHelperApp */ = {isa = PBXFileReference; explicitFileType = "compiled.mach-o.executable"; includeInIndex = 0; path = CSSystemInfoHelperApp; sourceTree = BUILT_PRODUCTS_DIR; };
		AD990E501CB99F77005746CE /* main.swift */ = {isa = PBXFileReference; lastKnownFileType = sourcecode.swift; path = main.swift; sourceTree = "<group>"; };
		ADFD12C61CBB92CA009A2E16 /* CSSystemInfoHelper.framework */ = {isa = PBXFileReference; lastKnownFileType = wrapper.framework; name = CSSystemInfoHelper.framework; path = ../build/Debug/CSSystemInfoHelper.framework; sourceTree = "<group>"; };
/* End PBXFileReference section */

/* Begin PBXFrameworksBuildPhase section */
		AD990E4A1CB99F77005746CE /* Frameworks */ = {
			isa = PBXFrameworksBuildPhase;
			buildActionMask = 2147483647;
			files = (
				ADFD12C71CBB92CA009A2E16 /* CSSystemInfoHelper.framework in Frameworks */,
			);
			runOnlyForDeploymentPostprocessing = 0;
		};
/* End PBXFrameworksBuildPhase section */

/* Begin PBXGroup section */
		AD990E441CB99F77005746CE = {
			isa = PBXGroup;
			children = (
				AD990E4F1CB99F77005746CE /* CSSystemInfoHelperApp */,
				AD990E4E1CB99F77005746CE /* Products */,
				AD990E631CB9A81C005746CE /* Frameworks */,
			);
			sourceTree = "<group>";
		};
		AD990E4E1CB99F77005746CE /* Products */ = {
			isa = PBXGroup;
			children = (
				AD990E4D1CB99F77005746CE /* CSSystemInfoHelperApp */,
			);
			name = Products;
			sourceTree = "<group>";
		};
		AD990E4F1CB99F77005746CE /* CSSystemInfoHelperApp */ = {
			isa = PBXGroup;
			children = (
				AD990E501CB99F77005746CE /* main.swift */,
			);
			name = CSSystemInfoHelperApp;
			path = CSSystemInfoHelperApp;
			sourceTree = "<group>";
		};
		AD990E631CB9A81C005746CE /* Frameworks */ = {
			isa = PBXGroup;
			children = (
				ADFD12C61CBB92CA009A2E16 /* CSSystemInfoHelper.framework */,
			);
			name = Frameworks;
			sourceTree = "<group>";
		};
/* End PBXGroup section */

/* Begin PBXNativeTarget section */
		AD990E4C1CB99F77005746CE /* CSSystemInfoHelperApp */ = {
			isa = PBXNativeTarget;
			buildConfigurationList = AD990E541CB99F77005746CE /* Build configuration list for PBXNativeTarget "CSSystemInfoHelperApp" */;
			buildPhases = (
				AD990E491CB99F77005746CE /* Sources */,
				AD990E4A1CB99F77005746CE /* Frameworks */,
				AD990E4B1CB99F77005746CE /* CopyFiles */,
			);
			buildRules = (
			);
			dependencies = (
			);
			name = CSSystemInfoHelperApp;
			productName = CSSystemInfoHelperApp;
			productReference = AD990E4D1CB99F77005746CE /* CSSystemInfoHelperApp */;
			productType = "com.apple.product-type.tool";
		};
/* End PBXNativeTarget section */

/* Begin PBXProject section */
		AD990E451CB99F77005746CE /* Project object */ = {
			isa = PBXProject;
			attributes = {
				LastSwiftUpdateCheck = 0730;
				LastUpgradeCheck = 0730;
				ORGANIZATIONNAME = "Cătălin Stan";
				TargetAttributes = {
					AD990E4C1CB99F77005746CE = {
						CreatedOnToolsVersion = 7.3;
					};
				};
			};
			buildConfigurationList = AD990E481CB99F77005746CE /* Build configuration list for PBXProject "CSSystemInfoHelperApp" */;
			compatibilityVersion = "Xcode 3.2";
			developmentRegion = English;
			hasScannedForEncodings = 0;
			knownRegions = (
				en,
			);
			mainGroup = AD990E441CB99F77005746CE;
			productRefGroup = AD990E4E1CB99F77005746CE /* Products */;
			projectDirPath = "";
			projectRoot = "";
			targets = (
				AD990E4C1CB99F77005746CE /* CSSystemInfoHelperApp */,
			);
		};
/* End PBXProject section */

/* Begin PBXSourcesBuildPhase section */
		AD990E491CB99F77005746CE /* Sources */ = {
			isa = PBXSourcesBuildPhase;
			buildActionMask = 2147483647;
			files = (
				AD990E511CB99F77005746CE /* main.swift in Sources */,
			);
			runOnlyForDeploymentPostprocessing = 0;
		};
/* End PBXSourcesBuildPhase section */

/* Begin XCBuildConfiguration section */
		AD990E521CB99F77005746CE /* Debug */ = {
			isa = XCBuildConfiguration;
			buildSettings = {
				ALWAYS_SEARCH_USER_PATHS = NO;
				CLANG_ANALYZER_NONNULL = YES;
				CLANG_CXX_LANGUAGE_STANDARD = "gnu++0x";
				CLANG_CXX_LIBRARY = "libc++";
				CLANG_ENABLE_MODULES = YES;
				CLANG_ENABLE_OBJC_ARC = YES;
				CLANG_WARN_BOOL_CONVERSION = YES;
				CLANG_WARN_CONSTANT_CONVERSION = YES;
				CLANG_WARN_DIRECT_OBJC_ISA_USAGE = YES_ERROR;
				CLANG_WARN_EMPTY_BODY = YES;
				CLANG_WARN_ENUM_CONVERSION = YES;
				CLANG_WARN_INT_CONVERSION = YES;
				CLANG_WARN_OBJC_ROOT_CLASS = YES_ERROR;
				CLANG_WARN_UNREACHABLE_CODE = YES;
				CLANG_WARN__DUPLICATE_METHOD_MATCH = YES;
				CODE_SIGN_IDENTITY = "-";
				COPY_PHASE_STRIP = NO;
				DEBUG_INFORMATION_FORMAT = dwarf;
				ENABLE_STRICT_OBJC_MSGSEND = YES;
				ENABLE_TESTABILITY = YES;
				GCC_C_LANGUAGE_STANDARD = gnu99;
				GCC_DYNAMIC_NO_PIC = NO;
				GCC_NO_COMMON_BLOCKS = YES;
				GCC_OPTIMIZATION_LEVEL = 0;
				GCC_PREPROCESSOR_DEFINITIONS = (
					"DEBUG=1",
					"$(inherited)",
				);
				GCC_WARN_64_TO_32_BIT_CONVERSION = YES;
				GCC_WARN_ABOUT_RETURN_TYPE = YES_ERROR;
				GCC_WARN_UNDECLARED_SELECTOR = YES;
				GCC_WARN_UNINITIALIZED_AUTOS = YES_AGGRESSIVE;
				GCC_WARN_UNUSED_FUNCTION = YES;
				GCC_WARN_UNUSED_VARIABLE = YES;
				MACOSX_DEPLOYMENT_TARGET = 10.11;
				MTL_ENABLE_DEBUG_INFO = YES;
				ONLY_ACTIVE_ARCH = YES;
				SDKROOT = macosx;
				SWIFT_OPTIMIZATION_LEVEL = "-Onone";
			};
			name = Debug;
		};
		AD990E531CB99F77005746CE /* Release */ = {
			isa = XCBuildConfiguration;
			buildSettings = {
				ALWAYS_SEARCH_USER_PATHS = NO;
				CLANG_ANALYZER_NONNULL = YES;
				CLANG_CXX_LANGUAGE_STANDARD = "gnu++0x";
				CLANG_CXX_LIBRARY = "libc++";
				CLANG_ENABLE_MODULES = YES;
				CLANG_ENABLE_OBJC_ARC = YES;
				CLANG_WARN_BOOL_CONVERSION = YES;
				CLANG_WARN_CONSTANT_CONVERSION = YES;
				CLANG_WARN_DIRECT_OBJC_ISA_USAGE = YES_ERROR;
				CLANG_WARN_EMPTY_BODY = YES;
				CLANG_WARN_ENUM_CONVERSION = YES;
				CLANG_WARN_INT_CONVERSION = YES;
				CLANG_WARN_OBJC_ROOT_CLASS = YES_ERROR;
				CLANG_WARN_UNREACHABLE_CODE = YES;
				CLANG_WARN__DUPLICATE_METHOD_MATCH = YES;
				CODE_SIGN_IDENTITY = "-";
				COPY_PHASE_STRIP = NO;
				DEBUG_INFORMATION_FORMAT = "dwarf-with-dsym";
				ENABLE_NS_ASSERTIONS = NO;
				ENABLE_STRICT_OBJC_MSGSEND = YES;
				GCC_C_LANGUAGE_STANDARD = gnu99;
				GCC_NO_COMMON_BLOCKS = YES;
				GCC_WARN_64_TO_32_BIT_CONVERSION = YES;
				GCC_WARN_ABOUT_RETURN_TYPE = YES_ERROR;
				GCC_WARN_UNDECLARED_SELECTOR = YES;
				GCC_WARN_UNINITIALIZED_AUTOS = YES_AGGRESSIVE;
				GCC_WARN_UNUSED_FUNCTION = YES;
				GCC_WARN_UNUSED_VARIABLE = YES;
				MACOSX_DEPLOYMENT_TARGET = 10.11;
				MTL_ENABLE_DEBUG_INFO = NO;
				SDKROOT = macosx;
			};
			name = Release;
		};
		AD990E551CB99F77005746CE /* Debug */ = {
			isa = XCBuildConfiguration;
			buildSettings = {
				PRODUCT_NAME = CSSystemInfoHelperApp;
			};
			name = Debug;
		};
		AD990E561CB99F77005746CE /* Release */ = {
			isa = XCBuildConfiguration;
			buildSettings = {
				PRODUCT_NAME = CSSystemInfoHelperApp;
			};
			name = Release;
		};
/* End XCBuildConfiguration section */

/* Begin XCConfigurationList section */
		AD990E481CB99F77005746CE /* Build configuration list for PBXProject "CSSystemInfoHelperApp" */ = {
			isa = XCConfigurationList;
			buildConfigurations = (
				AD990E521CB99F77005746CE /* Debug */,
				AD990E531CB99F77005746CE /* Release */,
			);
			defaultConfigurationIsVisible = 0;
			defaultConfigurationName = Release;
		};
		AD990E541CB99F77005746CE /* Build configuration list for PBXNativeTarget "CSSystemInfoHelperApp" */ = {
			isa = XCConfigurationList;
			buildConfigurations = (
				AD990E551CB99F77005746CE /* Debug */,
				AD990E561CB99F77005746CE /* Release */,
			);
			defaultConfigurationIsVisible = 0;
			defaultConfigurationName = Release;
		};
/* End XCConfigurationList section */
	};
	rootObject = AD990E451CB99F77005746CE /* Project object */;
}
