// !$*UTF8*$!
{
	archiveVersion = 1;
	classes = {
	};
	objectVersion = 46;
	objects = {

/* Begin PBXBuildFile section */
		AD3913931CB9B7EA001A31F6 /* CRSystemInfoHelper.framework in Frameworks */ = {isa = PBXBuildFile; fileRef = AD3913891CB9B7EA001A31F6 /* CRSystemInfoHelper.framework */; };
		AD3913AC1CB9BA59001A31F6 /* CRSystemInfoHelper.m in Sources */ = {isa = PBXBuildFile; fileRef = AD990E411CB97D99005746CE /* CRSystemInfoHelper.m */; };
		AD3913AD1CB9BA62001A31F6 /* CRSystemInfoHelper.h in Headers */ = {isa = PBXBuildFile; fileRef = ADC2E7981CB9772F00B27191 /* CRSystemInfoHelper.h */; settings = {ATTRIBUTES = (Public, ); }; };
		AD3913AF1CB9BC37001A31F6 /* CRSystemInfoHelperTests.m in Sources */ = {isa = PBXBuildFile; fileRef = ADC2E7A41CB9772F00B27191 /* CRSystemInfoHelperTests.m */; };
		AD3913C61CB9BD81001A31F6 /* CRSystemInfoHelper.framework in Frameworks */ = {isa = PBXBuildFile; fileRef = AD3913891CB9B7EA001A31F6 /* CRSystemInfoHelper.framework */; };
		AD3913CC1CB9BE1D001A31F6 /* CRSystemInfoHelper.h in Headers */ = {isa = PBXBuildFile; fileRef = ADC2E7981CB9772F00B27191 /* CRSystemInfoHelper.h */; settings = {ATTRIBUTES = (Public, ); }; };
		AD3913CD1CB9BE23001A31F6 /* CRSystemInfoHelper.m in Sources */ = {isa = PBXBuildFile; fileRef = AD990E411CB97D99005746CE /* CRSystemInfoHelper.m */; };
		AD3913CE1CB9BE3E001A31F6 /* CRSystemInfoHelperTests.m in Sources */ = {isa = PBXBuildFile; fileRef = ADC2E7A41CB9772F00B27191 /* CRSystemInfoHelperTests.m */; };
		AD990E421CB97D99005746CE /* CRSystemInfoHelper.m in Sources */ = {isa = PBXBuildFile; fileRef = AD990E411CB97D99005746CE /* CRSystemInfoHelper.m */; };
		AD990E431CB97D99005746CE /* CRSystemInfoHelper.m in Sources */ = {isa = PBXBuildFile; fileRef = AD990E411CB97D99005746CE /* CRSystemInfoHelper.m */; };
		ADC2E7991CB9772F00B27191 /* CRSystemInfoHelper.h in Headers */ = {isa = PBXBuildFile; fileRef = ADC2E7981CB9772F00B27191 /* CRSystemInfoHelper.h */; settings = {ATTRIBUTES = (Public, ); }; };
		ADC2E7A01CB9772F00B27191 /* CRSystemInfoHelper.framework in Frameworks */ = {isa = PBXBuildFile; fileRef = ADC2E7951CB9772F00B27191 /* CRSystemInfoHelper.framework */; };
		ADC2E7A51CB9772F00B27191 /* CRSystemInfoHelperTests.m in Sources */ = {isa = PBXBuildFile; fileRef = ADC2E7A41CB9772F00B27191 /* CRSystemInfoHelperTests.m */; };
/* End PBXBuildFile section */

/* Begin PBXContainerItemProxy section */
		AD3913941CB9B7EA001A31F6 /* PBXContainerItemProxy */ = {
			isa = PBXContainerItemProxy;
			containerPortal = ADC2E78C1CB9772F00B27191 /* Project object */;
			proxyType = 1;
			remoteGlobalIDString = AD3913881CB9B7EA001A31F6;
			remoteInfo = "CRSystemInfoHelper-iOS";
		};
		AD3913C71CB9BD81001A31F6 /* PBXContainerItemProxy */ = {
			isa = PBXContainerItemProxy;
			containerPortal = ADC2E78C1CB9772F00B27191 /* Project object */;
			proxyType = 1;
			remoteGlobalIDString = AD3913881CB9B7EA001A31F6;
			remoteInfo = "CRSystemInfoHelper-iOS";
		};
		AD990E691CB9AC45005746CE /* PBXContainerItemProxy */ = {
			isa = PBXContainerItemProxy;
			containerPortal = AD990E571CB99F77005746CE /* CRSystemInfoHelperApp.xcodeproj */;
			proxyType = 2;
			remoteGlobalIDString = AD990E4D1CB99F77005746CE;
			remoteInfo = CRSystemInfoHelperApp;
		};
		ADC2E7A11CB9772F00B27191 /* PBXContainerItemProxy */ = {
			isa = PBXContainerItemProxy;
			containerPortal = ADC2E78C1CB9772F00B27191 /* Project object */;
			proxyType = 1;
			remoteGlobalIDString = ADC2E7941CB9772F00B27191;
			remoteInfo = CRSystemInfoHelper;
		};
/* End PBXContainerItemProxy section */

/* Begin PBXFileReference section */
		AD3913891CB9B7EA001A31F6 /* CRSystemInfoHelper.framework */ = {isa = PBXFileReference; explicitFileType = wrapper.framework; includeInIndex = 0; path = CRSystemInfoHelper.framework; sourceTree = BUILT_PRODUCTS_DIR; };
		AD3913921CB9B7EA001A31F6 /* CRSystemInfoHelper-iOSTests.xctest */ = {isa = PBXFileReference; explicitFileType = wrapper.cfbundle; includeInIndex = 0; path = "CRSystemInfoHelper-iOSTests.xctest"; sourceTree = BUILT_PRODUCTS_DIR; };
		AD3913A21CB9B9E1001A31F6 /* CRSystemInfoHelper-iOS-Info.plist */ = {isa = PBXFileReference; fileEncoding = 4; lastKnownFileType = text.plist.xml; path = "CRSystemInfoHelper-iOS-Info.plist"; sourceTree = "<group>"; };
		AD3913A31CB9B9E1001A31F6 /* CRSystemInfoHelper-OSX-Info.plist */ = {isa = PBXFileReference; fileEncoding = 4; lastKnownFileType = text.plist.xml; path = "CRSystemInfoHelper-OSX-Info.plist"; sourceTree = "<group>"; };
		AD3913A71CB9BA02001A31F6 /* CRSystemInfoHelper-iOSTests-Info.plist */ = {isa = PBXFileReference; fileEncoding = 4; lastKnownFileType = text.plist.xml; path = "CRSystemInfoHelper-iOSTests-Info.plist"; sourceTree = "<group>"; };
		AD3913A81CB9BA02001A31F6 /* CRSystemInfoHelper-MacTests-Info.plist */ = {isa = PBXFileReference; fileEncoding = 4; lastKnownFileType = text.plist.xml; path = "CRSystemInfoHelper-MacTests-Info.plist"; sourceTree = "<group>"; };
		AD3913B51CB9BD5A001A31F6 /* CRSystemInfoHelper.framework */ = {isa = PBXFileReference; explicitFileType = wrapper.framework; includeInIndex = 0; path = CRSystemInfoHelper.framework; sourceTree = BUILT_PRODUCTS_DIR; };
		AD3913C11CB9BD81001A31F6 /* CRSystemInfoHelper-watchOSTests.xctest */ = {isa = PBXFileReference; explicitFileType = wrapper.cfbundle; includeInIndex = 0; path = "CRSystemInfoHelper-watchOSTests.xctest"; sourceTree = BUILT_PRODUCTS_DIR; };
		AD990E411CB97D99005746CE /* CRSystemInfoHelper.m */ = {isa = PBXFileReference; fileEncoding = 4; lastKnownFileType = sourcecode.c.objc; path = CRSystemInfoHelper.m; sourceTree = "<group>"; };
		AD990E571CB99F77005746CE /* CRSystemInfoHelperApp.xcodeproj */ = {isa = PBXFileReference; lastKnownFileType = "wrapper.pb-project"; name = CRSystemInfoHelperApp.xcodeproj; path = CRSystemInfoHelperApp/CRSystemInfoHelperApp.xcodeproj; sourceTree = SOURCE_ROOT; };
		ADC2E7951CB9772F00B27191 /* CRSystemInfoHelper.framework */ = {isa = PBXFileReference; explicitFileType = wrapper.framework; includeInIndex = 0; path = CRSystemInfoHelper.framework; sourceTree = BUILT_PRODUCTS_DIR; };
		ADC2E7981CB9772F00B27191 /* CRSystemInfoHelper.h */ = {isa = PBXFileReference; lastKnownFileType = sourcecode.c.h; path = CRSystemInfoHelper.h; sourceTree = "<group>"; };
		ADC2E79F1CB9772F00B27191 /* CRSystemInfoHelper-OSXTests.xctest */ = {isa = PBXFileReference; explicitFileType = wrapper.cfbundle; includeInIndex = 0; path = "CRSystemInfoHelper-OSXTests.xctest"; sourceTree = BUILT_PRODUCTS_DIR; };
		ADC2E7A41CB9772F00B27191 /* CRSystemInfoHelperTests.m */ = {isa = PBXFileReference; lastKnownFileType = sourcecode.c.objc; path = CRSystemInfoHelperTests.m; sourceTree = "<group>"; };
/* End PBXFileReference section */

/* Begin PBXFrameworksBuildPhase section */
		AD3913851CB9B7EA001A31F6 /* Frameworks */ = {
			isa = PBXFrameworksBuildPhase;
			buildActionMask = 2147483647;
			files = (
			);
			runOnlyForDeploymentPostprocessing = 0;
		};
		AD39138F1CB9B7EA001A31F6 /* Frameworks */ = {
			isa = PBXFrameworksBuildPhase;
			buildActionMask = 2147483647;
			files = (
				AD3913931CB9B7EA001A31F6 /* CRSystemInfoHelper.framework in Frameworks */,
			);
			runOnlyForDeploymentPostprocessing = 0;
		};
		AD3913B11CB9BD5A001A31F6 /* Frameworks */ = {
			isa = PBXFrameworksBuildPhase;
			buildActionMask = 2147483647;
			files = (
			);
			runOnlyForDeploymentPostprocessing = 0;
		};
		AD3913BE1CB9BD81001A31F6 /* Frameworks */ = {
			isa = PBXFrameworksBuildPhase;
			buildActionMask = 2147483647;
			files = (
				AD3913C61CB9BD81001A31F6 /* CRSystemInfoHelper.framework in Frameworks */,
			);
			runOnlyForDeploymentPostprocessing = 0;
		};
		ADC2E7911CB9772F00B27191 /* Frameworks */ = {
			isa = PBXFrameworksBuildPhase;
			buildActionMask = 2147483647;
			files = (
			);
			runOnlyForDeploymentPostprocessing = 0;
		};
		ADC2E79C1CB9772F00B27191 /* Frameworks */ = {
			isa = PBXFrameworksBuildPhase;
			buildActionMask = 2147483647;
			files = (
				ADC2E7A01CB9772F00B27191 /* CRSystemInfoHelper.framework in Frameworks */,
			);
			runOnlyForDeploymentPostprocessing = 0;
		};
/* End PBXFrameworksBuildPhase section */

/* Begin PBXGroup section */
		AD3913A11CB9B8C2001A31F6 /* CRSystemInfoHelper */ = {
			isa = PBXGroup;
			children = (
				ADC2E7981CB9772F00B27191 /* CRSystemInfoHelper.h */,
				AD990E411CB97D99005746CE /* CRSystemInfoHelper.m */,
				AD3913A61CB9B9F3001A31F6 /* Supporting Files */,
			);
			path = CRSystemInfoHelper;
			sourceTree = "<group>";
		};
		AD3913A61CB9B9F3001A31F6 /* Supporting Files */ = {
			isa = PBXGroup;
			children = (
				AD3913A21CB9B9E1001A31F6 /* CRSystemInfoHelper-iOS-Info.plist */,
				AD3913A31CB9B9E1001A31F6 /* CRSystemInfoHelper-OSX-Info.plist */,
			);
			name = "Supporting Files";
			sourceTree = "<group>";
		};
		AD3913AB1CB9BA09001A31F6 /* Supporting Files */ = {
			isa = PBXGroup;
			children = (
				AD3913A71CB9BA02001A31F6 /* CRSystemInfoHelper-iOSTests-Info.plist */,
				AD3913A81CB9BA02001A31F6 /* CRSystemInfoHelper-MacTests-Info.plist */,
			);
			name = "Supporting Files";
			sourceTree = "<group>";
		};
		AD3913AE1CB9BBED001A31F6 /* Apps */ = {
			isa = PBXGroup;
			children = (
				AD990E571CB99F77005746CE /* CRSystemInfoHelperApp.xcodeproj */,
			);
			name = Apps;
			sourceTree = "<group>";
		};
		AD990E661CB9AC45005746CE /* Products */ = {
			isa = PBXGroup;
			children = (
				AD990E6A1CB9AC45005746CE /* CRSystemInfoHelperApp */,
			);
			name = Products;
			sourceTree = "<group>";
		};
		ADC2E78B1CB9772F00B27191 = {
			isa = PBXGroup;
			children = (
				AD3913A11CB9B8C2001A31F6 /* CRSystemInfoHelper */,
				ADC2E7A31CB9772F00B27191 /* CRSystemInfoHelperTests */,
				AD3913AE1CB9BBED001A31F6 /* Apps */,
				ADC2E7961CB9772F00B27191 /* Products */,
			);
			sourceTree = "<group>";
		};
		ADC2E7961CB9772F00B27191 /* Products */ = {
			isa = PBXGroup;
			children = (
				ADC2E7951CB9772F00B27191 /* CRSystemInfoHelper.framework */,
				ADC2E79F1CB9772F00B27191 /* CRSystemInfoHelper-OSXTests.xctest */,
				AD3913891CB9B7EA001A31F6 /* CRSystemInfoHelper.framework */,
				AD3913921CB9B7EA001A31F6 /* CRSystemInfoHelper-iOSTests.xctest */,
				AD3913B51CB9BD5A001A31F6 /* CRSystemInfoHelper.framework */,
				AD3913C11CB9BD81001A31F6 /* CRSystemInfoHelper-watchOSTests.xctest */,
			);
			name = Products;
			sourceTree = "<group>";
		};
		ADC2E7A31CB9772F00B27191 /* CRSystemInfoHelperTests */ = {
			isa = PBXGroup;
			children = (
				ADC2E7A41CB9772F00B27191 /* CRSystemInfoHelperTests.m */,
				AD3913AB1CB9BA09001A31F6 /* Supporting Files */,
			);
			path = CRSystemInfoHelperTests;
			sourceTree = "<group>";
		};
/* End PBXGroup section */

/* Begin PBXHeadersBuildPhase section */
		AD3913861CB9B7EA001A31F6 /* Headers */ = {
			isa = PBXHeadersBuildPhase;
			buildActionMask = 2147483647;
			files = (
				AD3913AD1CB9BA62001A31F6 /* CRSystemInfoHelper.h in Headers */,
			);
			runOnlyForDeploymentPostprocessing = 0;
		};
		AD3913B21CB9BD5A001A31F6 /* Headers */ = {
			isa = PBXHeadersBuildPhase;
			buildActionMask = 2147483647;
			files = (
				AD3913CC1CB9BE1D001A31F6 /* CRSystemInfoHelper.h in Headers */,
			);
			runOnlyForDeploymentPostprocessing = 0;
		};
		ADC2E7921CB9772F00B27191 /* Headers */ = {
			isa = PBXHeadersBuildPhase;
			buildActionMask = 2147483647;
			files = (
				ADC2E7991CB9772F00B27191 /* CRSystemInfoHelper.h in Headers */,
			);
			runOnlyForDeploymentPostprocessing = 0;
		};
/* End PBXHeadersBuildPhase section */

/* Begin PBXNativeTarget section */
		AD3913881CB9B7EA001A31F6 /* CRSystemInfoHelper-iOS */ = {
			isa = PBXNativeTarget;
			buildConfigurationList = AD39139F1CB9B7EA001A31F6 /* Build configuration list for PBXNativeTarget "CRSystemInfoHelper-iOS" */;
			buildPhases = (
				AD3913841CB9B7EA001A31F6 /* Sources */,
				AD3913851CB9B7EA001A31F6 /* Frameworks */,
				AD3913861CB9B7EA001A31F6 /* Headers */,
				AD3913871CB9B7EA001A31F6 /* Resources */,
			);
			buildRules = (
			);
			dependencies = (
			);
			name = "CRSystemInfoHelper-iOS";
			productName = "CRSystemInfoHelper-iOS";
			productReference = AD3913891CB9B7EA001A31F6 /* CRSystemInfoHelper.framework */;
			productType = "com.apple.product-type.framework";
		};
		AD3913911CB9B7EA001A31F6 /* CRSystemInfoHelper-iOSTests */ = {
			isa = PBXNativeTarget;
			buildConfigurationList = AD3913A01CB9B7EA001A31F6 /* Build configuration list for PBXNativeTarget "CRSystemInfoHelper-iOSTests" */;
			buildPhases = (
				AD39138E1CB9B7EA001A31F6 /* Sources */,
				AD39138F1CB9B7EA001A31F6 /* Frameworks */,
				AD3913901CB9B7EA001A31F6 /* Resources */,
			);
			buildRules = (
			);
			dependencies = (
				AD3913951CB9B7EA001A31F6 /* PBXTargetDependency */,
			);
			name = "CRSystemInfoHelper-iOSTests";
			productName = "CRSystemInfoHelper-iOSTests";
			productReference = AD3913921CB9B7EA001A31F6 /* CRSystemInfoHelper-iOSTests.xctest */;
			productType = "com.apple.product-type.bundle.unit-test";
		};
		AD3913B41CB9BD5A001A31F6 /* CRSystemInfoHelper-watchOS */ = {
			isa = PBXNativeTarget;
			buildConfigurationList = AD3913BA1CB9BD5A001A31F6 /* Build configuration list for PBXNativeTarget "CRSystemInfoHelper-watchOS" */;
			buildPhases = (
				AD3913B01CB9BD5A001A31F6 /* Sources */,
				AD3913B11CB9BD5A001A31F6 /* Frameworks */,
				AD3913B21CB9BD5A001A31F6 /* Headers */,
				AD3913B31CB9BD5A001A31F6 /* Resources */,
			);
			buildRules = (
			);
			dependencies = (
			);
			name = "CRSystemInfoHelper-watchOS";
			productName = "CRSystemInfoHelper-watchOS";
			productReference = AD3913B51CB9BD5A001A31F6 /* CRSystemInfoHelper.framework */;
			productType = "com.apple.product-type.framework";
		};
		AD3913C01CB9BD81001A31F6 /* CRSystemInfoHelper-watchOSTests */ = {
			isa = PBXNativeTarget;
			buildConfigurationList = AD3913C91CB9BD81001A31F6 /* Build configuration list for PBXNativeTarget "CRSystemInfoHelper-watchOSTests" */;
			buildPhases = (
				AD3913BD1CB9BD81001A31F6 /* Sources */,
				AD3913BE1CB9BD81001A31F6 /* Frameworks */,
				AD3913BF1CB9BD81001A31F6 /* Resources */,
			);
			buildRules = (
			);
			dependencies = (
				AD3913C81CB9BD81001A31F6 /* PBXTargetDependency */,
			);
			name = "CRSystemInfoHelper-watchOSTests";
			productName = "CRSystemInfoHelper-watchOSTests";
			productReference = AD3913C11CB9BD81001A31F6 /* CRSystemInfoHelper-watchOSTests.xctest */;
			productType = "com.apple.product-type.bundle.unit-test";
		};
		ADC2E7941CB9772F00B27191 /* CRSystemInfoHelper-OSX */ = {
			isa = PBXNativeTarget;
			buildConfigurationList = ADC2E7A91CB9772F00B27191 /* Build configuration list for PBXNativeTarget "CRSystemInfoHelper-OSX" */;
			buildPhases = (
				ADC2E7901CB9772F00B27191 /* Sources */,
				ADC2E7911CB9772F00B27191 /* Frameworks */,
				ADC2E7921CB9772F00B27191 /* Headers */,
				ADC2E7931CB9772F00B27191 /* Resources */,
			);
			buildRules = (
			);
			dependencies = (
			);
			name = "CRSystemInfoHelper-OSX";
			productName = CRSystemInfoHelper;
			productReference = ADC2E7951CB9772F00B27191 /* CRSystemInfoHelper.framework */;
			productType = "com.apple.product-type.framework";
		};
		ADC2E79E1CB9772F00B27191 /* CRSystemInfoHelper-OSXTests */ = {
			isa = PBXNativeTarget;
			buildConfigurationList = ADC2E7AC1CB9772F00B27191 /* Build configuration list for PBXNativeTarget "CRSystemInfoHelper-OSXTests" */;
			buildPhases = (
				ADC2E79B1CB9772F00B27191 /* Sources */,
				ADC2E79C1CB9772F00B27191 /* Frameworks */,
				ADC2E79D1CB9772F00B27191 /* Resources */,
			);
			buildRules = (
			);
			dependencies = (
				ADC2E7A21CB9772F00B27191 /* PBXTargetDependency */,
			);
			name = "CRSystemInfoHelper-OSXTests";
			productName = CRSystemInfoHelperTests;
			productReference = ADC2E79F1CB9772F00B27191 /* CRSystemInfoHelper-OSXTests.xctest */;
			productType = "com.apple.product-type.bundle.unit-test";
		};
/* End PBXNativeTarget section */

/* Begin PBXProject section */
		ADC2E78C1CB9772F00B27191 /* Project object */ = {
			isa = PBXProject;
			attributes = {
				LastUpgradeCheck = 0730;
				ORGANIZATIONNAME = "Cătălin Stan";
				TargetAttributes = {
					AD3913881CB9B7EA001A31F6 = {
						CreatedOnToolsVersion = 7.3;
					};
					AD3913911CB9B7EA001A31F6 = {
						CreatedOnToolsVersion = 7.3;
					};
					AD3913B41CB9BD5A001A31F6 = {
						CreatedOnToolsVersion = 7.3;
					};
					AD3913C01CB9BD81001A31F6 = {
						CreatedOnToolsVersion = 7.3;
					};
					ADC2E7941CB9772F00B27191 = {
						CreatedOnToolsVersion = 7.3;
					};
					ADC2E79E1CB9772F00B27191 = {
						CreatedOnToolsVersion = 7.3;
					};
				};
			};
			buildConfigurationList = ADC2E78F1CB9772F00B27191 /* Build configuration list for PBXProject "CRSystemInfoHelper" */;
			compatibilityVersion = "Xcode 3.2";
			developmentRegion = English;
			hasScannedForEncodings = 0;
			knownRegions = (
				en,
			);
			mainGroup = ADC2E78B1CB9772F00B27191;
			productRefGroup = ADC2E7961CB9772F00B27191 /* Products */;
			projectDirPath = "";
			projectReferences = (
				{
					ProductGroup = AD990E661CB9AC45005746CE /* Products */;
					ProjectRef = AD990E571CB99F77005746CE /* CRSystemInfoHelperApp.xcodeproj */;
				},
			);
			projectRoot = "";
			targets = (
				ADC2E7941CB9772F00B27191 /* CRSystemInfoHelper-OSX */,
				ADC2E79E1CB9772F00B27191 /* CRSystemInfoHelper-OSXTests */,
				AD3913881CB9B7EA001A31F6 /* CRSystemInfoHelper-iOS */,
				AD3913911CB9B7EA001A31F6 /* CRSystemInfoHelper-iOSTests */,
				AD3913B41CB9BD5A001A31F6 /* CRSystemInfoHelper-watchOS */,
				AD3913C01CB9BD81001A31F6 /* CRSystemInfoHelper-watchOSTests */,
			);
		};
/* End PBXProject section */

/* Begin PBXReferenceProxy section */
		AD990E6A1CB9AC45005746CE /* CRSystemInfoHelperApp */ = {
			isa = PBXReferenceProxy;
			fileType = "compiled.mach-o.executable";
			path = CRSystemInfoHelperApp;
			remoteRef = AD990E691CB9AC45005746CE /* PBXContainerItemProxy */;
			sourceTree = BUILT_PRODUCTS_DIR;
		};
/* End PBXReferenceProxy section */

/* Begin PBXResourcesBuildPhase section */
		AD3913871CB9B7EA001A31F6 /* Resources */ = {
			isa = PBXResourcesBuildPhase;
			buildActionMask = 2147483647;
			files = (
			);
			runOnlyForDeploymentPostprocessing = 0;
		};
		AD3913901CB9B7EA001A31F6 /* Resources */ = {
			isa = PBXResourcesBuildPhase;
			buildActionMask = 2147483647;
			files = (
			);
			runOnlyForDeploymentPostprocessing = 0;
		};
		AD3913B31CB9BD5A001A31F6 /* Resources */ = {
			isa = PBXResourcesBuildPhase;
			buildActionMask = 2147483647;
			files = (
			);
			runOnlyForDeploymentPostprocessing = 0;
		};
		AD3913BF1CB9BD81001A31F6 /* Resources */ = {
			isa = PBXResourcesBuildPhase;
			buildActionMask = 2147483647;
			files = (
			);
			runOnlyForDeploymentPostprocessing = 0;
		};
		ADC2E7931CB9772F00B27191 /* Resources */ = {
			isa = PBXResourcesBuildPhase;
			buildActionMask = 2147483647;
			files = (
			);
			runOnlyForDeploymentPostprocessing = 0;
		};
		ADC2E79D1CB9772F00B27191 /* Resources */ = {
			isa = PBXResourcesBuildPhase;
			buildActionMask = 2147483647;
			files = (
			);
			runOnlyForDeploymentPostprocessing = 0;
		};
/* End PBXResourcesBuildPhase section */

/* Begin PBXSourcesBuildPhase section */
		AD3913841CB9B7EA001A31F6 /* Sources */ = {
			isa = PBXSourcesBuildPhase;
			buildActionMask = 2147483647;
			files = (
				AD3913AC1CB9BA59001A31F6 /* CRSystemInfoHelper.m in Sources */,
			);
			runOnlyForDeploymentPostprocessing = 0;
		};
		AD39138E1CB9B7EA001A31F6 /* Sources */ = {
			isa = PBXSourcesBuildPhase;
			buildActionMask = 2147483647;
			files = (
				AD3913AF1CB9BC37001A31F6 /* CRSystemInfoHelperTests.m in Sources */,
			);
			runOnlyForDeploymentPostprocessing = 0;
		};
		AD3913B01CB9BD5A001A31F6 /* Sources */ = {
			isa = PBXSourcesBuildPhase;
			buildActionMask = 2147483647;
			files = (
				AD3913CD1CB9BE23001A31F6 /* CRSystemInfoHelper.m in Sources */,
			);
			runOnlyForDeploymentPostprocessing = 0;
		};
		AD3913BD1CB9BD81001A31F6 /* Sources */ = {
			isa = PBXSourcesBuildPhase;
			buildActionMask = 2147483647;
			files = (
				AD3913CE1CB9BE3E001A31F6 /* CRSystemInfoHelperTests.m in Sources */,
			);
			runOnlyForDeploymentPostprocessing = 0;
		};
		ADC2E7901CB9772F00B27191 /* Sources */ = {
			isa = PBXSourcesBuildPhase;
			buildActionMask = 2147483647;
			files = (
				AD990E421CB97D99005746CE /* CRSystemInfoHelper.m in Sources */,
			);
			runOnlyForDeploymentPostprocessing = 0;
		};
		ADC2E79B1CB9772F00B27191 /* Sources */ = {
			isa = PBXSourcesBuildPhase;
			buildActionMask = 2147483647;
			files = (
				AD990E431CB97D99005746CE /* CRSystemInfoHelper.m in Sources */,
				ADC2E7A51CB9772F00B27191 /* CRSystemInfoHelperTests.m in Sources */,
			);
			runOnlyForDeploymentPostprocessing = 0;
		};
/* End PBXSourcesBuildPhase section */

/* Begin PBXTargetDependency section */
		AD3913951CB9B7EA001A31F6 /* PBXTargetDependency */ = {
			isa = PBXTargetDependency;
			target = AD3913881CB9B7EA001A31F6 /* CRSystemInfoHelper-iOS */;
			targetProxy = AD3913941CB9B7EA001A31F6 /* PBXContainerItemProxy */;
		};
		AD3913C81CB9BD81001A31F6 /* PBXTargetDependency */ = {
			isa = PBXTargetDependency;
			target = AD3913881CB9B7EA001A31F6 /* CRSystemInfoHelper-iOS */;
			targetProxy = AD3913C71CB9BD81001A31F6 /* PBXContainerItemProxy */;
		};
		ADC2E7A21CB9772F00B27191 /* PBXTargetDependency */ = {
			isa = PBXTargetDependency;
			target = ADC2E7941CB9772F00B27191 /* CRSystemInfoHelper-OSX */;
			targetProxy = ADC2E7A11CB9772F00B27191 /* PBXContainerItemProxy */;
		};
/* End PBXTargetDependency section */

/* Begin XCBuildConfiguration section */
		AD39139A1CB9B7EA001A31F6 /* Debug */ = {
			isa = XCBuildConfiguration;
			buildSettings = {
				"CODE_SIGN_IDENTITY[sdk=iphoneos*]" = "iPhone Developer";
				DEFINES_MODULE = YES;
				DYLIB_COMPATIBILITY_VERSION = 1;
				DYLIB_CURRENT_VERSION = 1;
				DYLIB_INSTALL_NAME_BASE = "@rpath";
				INFOPLIST_FILE = "CRSystemInfoHelper/CRSystemInfoHelper-iOS-Info.plist";
				INSTALL_PATH = "$(LOCAL_LIBRARY_DIR)/Frameworks";
				LD_RUNPATH_SEARCH_PATHS = "$(inherited) @executable_path/Frameworks @loader_path/Frameworks";
				PRODUCT_BUNDLE_IDENTIFIER = io.criollo.CRSystemInfoHelper;
				PRODUCT_NAME = CRSystemInfoHelper;
				SDKROOT = iphoneos;
				SKIP_INSTALL = YES;
				TARGETED_DEVICE_FAMILY = "1,2";
			};
			name = Debug;
		};
		AD39139B1CB9B7EA001A31F6 /* Release */ = {
			isa = XCBuildConfiguration;
			buildSettings = {
				"CODE_SIGN_IDENTITY[sdk=iphoneos*]" = "iPhone Developer";
				DEFINES_MODULE = YES;
				DYLIB_COMPATIBILITY_VERSION = 1;
				DYLIB_CURRENT_VERSION = 1;
				DYLIB_INSTALL_NAME_BASE = "@rpath";
				INFOPLIST_FILE = "CRSystemInfoHelper/CRSystemInfoHelper-iOS-Info.plist";
				INSTALL_PATH = "$(LOCAL_LIBRARY_DIR)/Frameworks";
				LD_RUNPATH_SEARCH_PATHS = "$(inherited) @executable_path/Frameworks @loader_path/Frameworks";
				PRODUCT_BUNDLE_IDENTIFIER = io.criollo.CRSystemInfoHelper;
				PRODUCT_NAME = CRSystemInfoHelper;
				SDKROOT = iphoneos;
				SKIP_INSTALL = YES;
				TARGETED_DEVICE_FAMILY = "1,2";
				VALIDATE_PRODUCT = YES;
			};
			name = Release;
		};
		AD39139C1CB9B7EA001A31F6 /* Debug */ = {
			isa = XCBuildConfiguration;
			buildSettings = {
				"CODE_SIGN_IDENTITY[sdk=iphoneos*]" = "iPhone Developer";
				INFOPLIST_FILE = "CRSystemInfoHelperTests/CRSystemInfoHelper-iOSTests-Info.plist";
				IPHONEOS_DEPLOYMENT_TARGET = 9.3;
				LD_RUNPATH_SEARCH_PATHS = "$(inherited) @executable_path/Frameworks @loader_path/Frameworks";
				PRODUCT_BUNDLE_IDENTIFIER = "io.criollo.CRSystemInfoHelper-iOSTests";
				PRODUCT_NAME = "$(TARGET_NAME)";
				SDKROOT = iphoneos;
			};
			name = Debug;
		};
		AD39139D1CB9B7EA001A31F6 /* Release */ = {
			isa = XCBuildConfiguration;
			buildSettings = {
				"CODE_SIGN_IDENTITY[sdk=iphoneos*]" = "iPhone Developer";
				INFOPLIST_FILE = "CRSystemInfoHelperTests/CRSystemInfoHelper-iOSTests-Info.plist";
				IPHONEOS_DEPLOYMENT_TARGET = 9.3;
				LD_RUNPATH_SEARCH_PATHS = "$(inherited) @executable_path/Frameworks @loader_path/Frameworks";
				PRODUCT_BUNDLE_IDENTIFIER = "io.criollo.CRSystemInfoHelper-iOSTests";
				PRODUCT_NAME = "$(TARGET_NAME)";
				SDKROOT = iphoneos;
				VALIDATE_PRODUCT = YES;
			};
			name = Release;
		};
		AD3913BB1CB9BD5A001A31F6 /* Debug */ = {
			isa = XCBuildConfiguration;
			buildSettings = {
				APPLICATION_EXTENSION_API_ONLY = YES;
				DEFINES_MODULE = YES;
				DYLIB_COMPATIBILITY_VERSION = 1;
				DYLIB_CURRENT_VERSION = 1;
				DYLIB_INSTALL_NAME_BASE = "@rpath";
				INFOPLIST_FILE = "CRSystemInfoHelper/CRSystemInfoHelper-watchOS-Info.plist";
				INSTALL_PATH = "$(LOCAL_LIBRARY_DIR)/Frameworks";
				LD_RUNPATH_SEARCH_PATHS = "$(inherited) @executable_path/Frameworks @loader_path/Frameworks";
				PRODUCT_BUNDLE_IDENTIFIER = io.criollo.CRSystemInfoHelper;
				PRODUCT_NAME = CRSystemInfoHelper;
				SDKROOT = watchos;
				SKIP_INSTALL = YES;
				TARGETED_DEVICE_FAMILY = 4;
				WATCHOS_DEPLOYMENT_TARGET = 2.2;
			};
			name = Debug;
		};
		AD3913BC1CB9BD5A001A31F6 /* Release */ = {
			isa = XCBuildConfiguration;
			buildSettings = {
				APPLICATION_EXTENSION_API_ONLY = YES;
				DEFINES_MODULE = YES;
				DYLIB_COMPATIBILITY_VERSION = 1;
				DYLIB_CURRENT_VERSION = 1;
				DYLIB_INSTALL_NAME_BASE = "@rpath";
				INFOPLIST_FILE = "CRSystemInfoHelper/CRSystemInfoHelper-watchOS-Info.plist";
				INSTALL_PATH = "$(LOCAL_LIBRARY_DIR)/Frameworks";
				LD_RUNPATH_SEARCH_PATHS = "$(inherited) @executable_path/Frameworks @loader_path/Frameworks";
				PRODUCT_BUNDLE_IDENTIFIER = io.criollo.CRSystemInfoHelper;
				PRODUCT_NAME = CRSystemInfoHelper;
				SDKROOT = watchos;
				SKIP_INSTALL = YES;
				TARGETED_DEVICE_FAMILY = 4;
				VALIDATE_PRODUCT = YES;
				WATCHOS_DEPLOYMENT_TARGET = 2.2;
			};
			name = Release;
		};
		AD3913CA1CB9BD81001A31F6 /* Debug */ = {
			isa = XCBuildConfiguration;
			buildSettings = {
				"CODE_SIGN_IDENTITY[sdk=iphoneos*]" = "iPhone Developer";
				INFOPLIST_FILE = "CRSystemInfoHelperTests/CRSystemInfoHelper-watchOSTests-Info.plist";
				IPHONEOS_DEPLOYMENT_TARGET = 9.3;
				LD_RUNPATH_SEARCH_PATHS = "$(inherited) @executable_path/Frameworks @loader_path/Frameworks";
				PRODUCT_BUNDLE_IDENTIFIER = "io.criollo.CRSystemInfoHelper-watchOSTests";
				PRODUCT_NAME = "$(TARGET_NAME)";
				SDKROOT = iphoneos;
			};
			name = Debug;
		};
		AD3913CB1CB9BD81001A31F6 /* Release */ = {
			isa = XCBuildConfiguration;
			buildSettings = {
				"CODE_SIGN_IDENTITY[sdk=iphoneos*]" = "iPhone Developer";
				INFOPLIST_FILE = "CRSystemInfoHelperTests/CRSystemInfoHelper-watchOSTests-Info.plist";
				IPHONEOS_DEPLOYMENT_TARGET = 9.3;
				LD_RUNPATH_SEARCH_PATHS = "$(inherited) @executable_path/Frameworks @loader_path/Frameworks";
				PRODUCT_BUNDLE_IDENTIFIER = "io.criollo.CRSystemInfoHelper-watchOSTests";
				PRODUCT_NAME = "$(TARGET_NAME)";
				SDKROOT = iphoneos;
				VALIDATE_PRODUCT = YES;
			};
			name = Release;
		};
		ADC2E7A71CB9772F00B27191 /* Debug */ = {
			isa = XCBuildConfiguration;
			buildSettings = {
				ALWAYS_SEARCH_USER_PATHS = NO;
				CLANG_ANALYZER_NONNULL = YES;
				CLANG_CXX_LANGUAGE_STANDARD = "gnu++0x";
				CLANG_CXX_LIBRARY = "libc++";
				CLANG_ENABLE_MODULES = YES;
				CLANG_ENABLE_OBJC_ARC = YES;
				CLANG_WARN_BOOL_CONVERSION = YES;
				CLANG_WARN_CONSTANT_CONVERSION = YES;
				CLANG_WARN_DIRECT_OBJC_ISA_USAGE = YES_ERROR;
				CLANG_WARN_EMPTY_BODY = YES;
				CLANG_WARN_ENUM_CONVERSION = YES;
				CLANG_WARN_INT_CONVERSION = YES;
				CLANG_WARN_OBJC_ROOT_CLASS = YES_ERROR;
				CLANG_WARN_UNREACHABLE_CODE = YES;
				CLANG_WARN__DUPLICATE_METHOD_MATCH = YES;
				CODE_SIGN_IDENTITY = "-";
				COPY_PHASE_STRIP = NO;
				CURRENT_PROJECT_VERSION = 1;
				DEBUG_INFORMATION_FORMAT = dwarf;
				ENABLE_STRICT_OBJC_MSGSEND = YES;
				ENABLE_TESTABILITY = YES;
				GCC_C_LANGUAGE_STANDARD = gnu99;
				GCC_DYNAMIC_NO_PIC = NO;
				GCC_NO_COMMON_BLOCKS = YES;
				GCC_OPTIMIZATION_LEVEL = 0;
				GCC_PREPROCESSOR_DEFINITIONS = (
					"DEBUG=1",
					"$(inherited)",
				);
				GCC_WARN_64_TO_32_BIT_CONVERSION = YES;
				GCC_WARN_ABOUT_RETURN_TYPE = YES_ERROR;
				GCC_WARN_UNDECLARED_SELECTOR = YES;
				GCC_WARN_UNINITIALIZED_AUTOS = YES_AGGRESSIVE;
				GCC_WARN_UNUSED_FUNCTION = YES;
				GCC_WARN_UNUSED_VARIABLE = YES;
				IPHONEOS_DEPLOYMENT_TARGET = 8.0;
				MACOSX_DEPLOYMENT_TARGET = 10.11;
				MTL_ENABLE_DEBUG_INFO = YES;
				ONLY_ACTIVE_ARCH = YES;
				SDKROOT = macosx;
				VERSIONING_SYSTEM = "apple-generic";
				VERSION_INFO_PREFIX = "";
			};
			name = Debug;
		};
		ADC2E7A81CB9772F00B27191 /* Release */ = {
			isa = XCBuildConfiguration;
			buildSettings = {
				ALWAYS_SEARCH_USER_PATHS = NO;
				CLANG_ANALYZER_NONNULL = YES;
				CLANG_CXX_LANGUAGE_STANDARD = "gnu++0x";
				CLANG_CXX_LIBRARY = "libc++";
				CLANG_ENABLE_MODULES = YES;
				CLANG_ENABLE_OBJC_ARC = YES;
				CLANG_WARN_BOOL_CONVERSION = YES;
				CLANG_WARN_CONSTANT_CONVERSION = YES;
				CLANG_WARN_DIRECT_OBJC_ISA_USAGE = YES_ERROR;
				CLANG_WARN_EMPTY_BODY = YES;
				CLANG_WARN_ENUM_CONVERSION = YES;
				CLANG_WARN_INT_CONVERSION = YES;
				CLANG_WARN_OBJC_ROOT_CLASS = YES_ERROR;
				CLANG_WARN_UNREACHABLE_CODE = YES;
				CLANG_WARN__DUPLICATE_METHOD_MATCH = YES;
				CODE_SIGN_IDENTITY = "-";
				COPY_PHASE_STRIP = NO;
				CURRENT_PROJECT_VERSION = 1;
				DEBUG_INFORMATION_FORMAT = "dwarf-with-dsym";
				ENABLE_NS_ASSERTIONS = NO;
				ENABLE_STRICT_OBJC_MSGSEND = YES;
				GCC_C_LANGUAGE_STANDARD = gnu99;
				GCC_NO_COMMON_BLOCKS = YES;
				GCC_WARN_64_TO_32_BIT_CONVERSION = YES;
				GCC_WARN_ABOUT_RETURN_TYPE = YES_ERROR;
				GCC_WARN_UNDECLARED_SELECTOR = YES;
				GCC_WARN_UNINITIALIZED_AUTOS = YES_AGGRESSIVE;
				GCC_WARN_UNUSED_FUNCTION = YES;
				GCC_WARN_UNUSED_VARIABLE = YES;
				IPHONEOS_DEPLOYMENT_TARGET = 8.0;
				MACOSX_DEPLOYMENT_TARGET = 10.11;
				MTL_ENABLE_DEBUG_INFO = NO;
				SDKROOT = macosx;
				VERSIONING_SYSTEM = "apple-generic";
				VERSION_INFO_PREFIX = "";
			};
			name = Release;
		};
		ADC2E7AA1CB9772F00B27191 /* Debug */ = {
			isa = XCBuildConfiguration;
			buildSettings = {
				COMBINE_HIDPI_IMAGES = YES;
				DEFINES_MODULE = YES;
				DYLIB_COMPATIBILITY_VERSION = 1;
				DYLIB_CURRENT_VERSION = 1;
				DYLIB_INSTALL_NAME_BASE = "@rpath";
				FRAMEWORK_VERSION = A;
				INFOPLIST_FILE = "CRSystemInfoHelper/CRSystemInfoHelper-OSX-Info.plist";
				INSTALL_PATH = "$(LOCAL_LIBRARY_DIR)/Frameworks";
				LD_RUNPATH_SEARCH_PATHS = "$(inherited) @executable_path/../Frameworks @loader_path/Frameworks";
				PRODUCT_BUNDLE_IDENTIFIER = io.criollo.CRSystemInfoHelper;
				PRODUCT_NAME = CRSystemInfoHelper;
				SKIP_INSTALL = YES;
			};
			name = Debug;
		};
		ADC2E7AB1CB9772F00B27191 /* Release */ = {
			isa = XCBuildConfiguration;
			buildSettings = {
				COMBINE_HIDPI_IMAGES = YES;
				DEFINES_MODULE = YES;
				DYLIB_COMPATIBILITY_VERSION = 1;
				DYLIB_CURRENT_VERSION = 1;
				DYLIB_INSTALL_NAME_BASE = "@rpath";
				FRAMEWORK_VERSION = A;
				INFOPLIST_FILE = "CRSystemInfoHelper/CRSystemInfoHelper-OSX-Info.plist";
				INSTALL_PATH = "$(LOCAL_LIBRARY_DIR)/Frameworks";
				LD_RUNPATH_SEARCH_PATHS = "$(inherited) @executable_path/../Frameworks @loader_path/Frameworks";
				PRODUCT_BUNDLE_IDENTIFIER = io.criollo.CRSystemInfoHelper;
				PRODUCT_NAME = CRSystemInfoHelper;
				SKIP_INSTALL = YES;
			};
			name = Release;
		};
		ADC2E7AD1CB9772F00B27191 /* Debug */ = {
			isa = XCBuildConfiguration;
			buildSettings = {
				COMBINE_HIDPI_IMAGES = YES;
				INFOPLIST_FILE = "CRSystemInfoHelperTests/CRSystemInfoHelper-OSXTests-Info.plist";
				LD_RUNPATH_SEARCH_PATHS = "$(inherited) @executable_path/../Frameworks @loader_path/../Frameworks";
				PRODUCT_BUNDLE_IDENTIFIER = io.criollo.CRSystemInfoHelperTests;
				PRODUCT_NAME = "$(TARGET_NAME)";
			};
			name = Debug;
		};
		ADC2E7AE1CB9772F00B27191 /* Release */ = {
			isa = XCBuildConfiguration;
			buildSettings = {
				COMBINE_HIDPI_IMAGES = YES;
				INFOPLIST_FILE = "CRSystemInfoHelperTests/CRSystemInfoHelper-OSXTests-Info.plist";
				LD_RUNPATH_SEARCH_PATHS = "$(inherited) @executable_path/../Frameworks @loader_path/../Frameworks";
				PRODUCT_BUNDLE_IDENTIFIER = io.criollo.CRSystemInfoHelperTests;
				PRODUCT_NAME = "$(TARGET_NAME)";
			};
			name = Release;
		};
/* End XCBuildConfiguration section */

/* Begin XCConfigurationList section */
		AD39139F1CB9B7EA001A31F6 /* Build configuration list for PBXNativeTarget "CRSystemInfoHelper-iOS" */ = {
			isa = XCConfigurationList;
			buildConfigurations = (
				AD39139A1CB9B7EA001A31F6 /* Debug */,
				AD39139B1CB9B7EA001A31F6 /* Release */,
			);
			defaultConfigurationIsVisible = 0;
		};
		AD3913A01CB9B7EA001A31F6 /* Build configuration list for PBXNativeTarget "CRSystemInfoHelper-iOSTests" */ = {
			isa = XCConfigurationList;
			buildConfigurations = (
				AD39139C1CB9B7EA001A31F6 /* Debug */,
				AD39139D1CB9B7EA001A31F6 /* Release */,
			);
			defaultConfigurationIsVisible = 0;
		};
		AD3913BA1CB9BD5A001A31F6 /* Build configuration list for PBXNativeTarget "CRSystemInfoHelper-watchOS" */ = {
			isa = XCConfigurationList;
			buildConfigurations = (
				AD3913BB1CB9BD5A001A31F6 /* Debug */,
				AD3913BC1CB9BD5A001A31F6 /* Release */,
			);
			defaultConfigurationIsVisible = 0;
		};
		AD3913C91CB9BD81001A31F6 /* Build configuration list for PBXNativeTarget "CRSystemInfoHelper-watchOSTests" */ = {
			isa = XCConfigurationList;
			buildConfigurations = (
				AD3913CA1CB9BD81001A31F6 /* Debug */,
				AD3913CB1CB9BD81001A31F6 /* Release */,
			);
			defaultConfigurationIsVisible = 0;
		};
		ADC2E78F1CB9772F00B27191 /* Build configuration list for PBXProject "CRSystemInfoHelper" */ = {
			isa = XCConfigurationList;
			buildConfigurations = (
				ADC2E7A71CB9772F00B27191 /* Debug */,
				ADC2E7A81CB9772F00B27191 /* Release */,
			);
			defaultConfigurationIsVisible = 0;
			defaultConfigurationName = Release;
		};
		ADC2E7A91CB9772F00B27191 /* Build configuration list for PBXNativeTarget "CRSystemInfoHelper-OSX" */ = {
			isa = XCConfigurationList;
			buildConfigurations = (
				ADC2E7AA1CB9772F00B27191 /* Debug */,
				ADC2E7AB1CB9772F00B27191 /* Release */,
			);
			defaultConfigurationIsVisible = 0;
			defaultConfigurationName = Release;
		};
		ADC2E7AC1CB9772F00B27191 /* Build configuration list for PBXNativeTarget "CRSystemInfoHelper-OSXTests" */ = {
			isa = XCConfigurationList;
			buildConfigurations = (
				ADC2E7AD1CB9772F00B27191 /* Debug */,
				ADC2E7AE1CB9772F00B27191 /* Release */,
			);
			defaultConfigurationIsVisible = 0;
			defaultConfigurationName = Release;
		};
/* End XCConfigurationList section */
	};
	rootObject = ADC2E78C1CB9772F00B27191 /* Project object */;
}
